
Microsoft Visual Studio Solution File, Format Version 12.00
# Visual Studio 14
VisualStudioVersion = 14.0.25420.1
MinimumVisualStudioVersion = 10.0.40219.1
Project("{8BC9CEB8-8B4A-11D0-8D11-00A0C91BC942}") = "scoreassoc", "scoreassoc.vcxproj", "{6735E007-F33E-497E-A265-C4D2D6C59CF4}"
EndProject
Project("{8BC9CEB8-8B4A-11D0-8D11-00A0C91BC942}") = "pathwayAssoc", "..\pathwayAssoc\pathwayAssoc.vcxproj", "{7196C603-7DFF-43D2-8826-5CC306C44270}"
EndProject
Project("{8BC9CEB8-8B4A-11D0-8D11-00A0C91BC942}") = "permPathwayAssoc", "permPathwayAssoc\permPathwayAssoc.vcxproj", "{8459AB64-0722-4D8D-8955-99246E03BC4A}"
EndProject
Project("{8BC9CEB8-8B4A-11D0-8D11-00A0C91BC942}") = "combineCohorts", "..\combineCohorts\combineCohorts.vcxproj", "{7870998D-4E54-4647-9686-2358CEFDDE46}"
EndProject
Project("{8BC9CEB8-8B4A-11D0-8D11-00A0C91BC942}") = "makeScoreTable", "..\makeScoreTable\makeScoreTable.vcxproj", "{583DE49D-098C-4268-BF62-02C05B0D0807}"
EndProject
Project("{8BC9CEB8-8B4A-11D0-8D11-00A0C91BC942}") = "getVarScores", "..\getVarScores\getVarScores.vcxproj", "{AB60FF08-8F7B-4536-956F-817DA6686787}"
EndProject
Global
	GlobalSection(SolutionConfigurationPlatforms) = preSolution
		Debug|Any CPU = Debug|Any CPU
		Debug|x64 = Debug|x64
		Debug|x86 = Debug|x86
		Release|Any CPU = Release|Any CPU
		Release|x64 = Release|x64
		Release|x86 = Release|x86
	EndGlobalSection
	GlobalSection(ProjectConfigurationPlatforms) = postSolution
		{6735E007-F33E-497E-A265-C4D2D6C59CF4}.Debug|Any CPU.ActiveCfg = Debug|Win32
		{6735E007-F33E-497E-A265-C4D2D6C59CF4}.Debug|x64.ActiveCfg = Debug|x64
		{6735E007-F33E-497E-A265-C4D2D6C59CF4}.Debug|x64.Build.0 = Debug|x64
		{6735E007-F33E-497E-A265-C4D2D6C59CF4}.Debug|x86.ActiveCfg = Debug|Win32
		{6735E007-F33E-497E-A265-C4D2D6C59CF4}.Debug|x86.Build.0 = Debug|Win32
		{6735E007-F33E-497E-A265-C4D2D6C59CF4}.Release|Any CPU.ActiveCfg = Release|Win32
		{6735E007-F33E-497E-A265-C4D2D6C59CF4}.Release|x64.ActiveCfg = Release|x64
		{6735E007-F33E-497E-A265-C4D2D6C59CF4}.Release|x64.Build.0 = Release|x64
		{6735E007-F33E-497E-A265-C4D2D6C59CF4}.Release|x86.ActiveCfg = Release|Win32
		{6735E007-F33E-497E-A265-C4D2D6C59CF4}.Release|x86.Build.0 = Release|Win32
		{7196C603-7DFF-43D2-8826-5CC306C44270}.Debug|Any CPU.ActiveCfg = Debug|Win32
		{7196C603-7DFF-43D2-8826-5CC306C44270}.Debug|x64.ActiveCfg = Debug|x64
		{7196C603-7DFF-43D2-8826-5CC306C44270}.Debug|x64.Build.0 = Debug|x64
		{7196C603-7DFF-43D2-8826-5CC306C44270}.Debug|x86.ActiveCfg = Debug|Win32
		{7196C603-7DFF-43D2-8826-5CC306C44270}.Debug|x86.Build.0 = Debug|Win32
		{7196C603-7DFF-43D2-8826-5CC306C44270}.Release|Any CPU.ActiveCfg = Release|Win32
		{7196C603-7DFF-43D2-8826-5CC306C44270}.Release|x64.ActiveCfg = Release|x64
		{7196C603-7DFF-43D2-8826-5CC306C44270}.Release|x64.Build.0 = Release|x64
		{7196C603-7DFF-43D2-8826-5CC306C44270}.Release|x86.ActiveCfg = Release|Win32
		{7196C603-7DFF-43D2-8826-5CC306C44270}.Release|x86.Build.0 = Release|Win32
		{8459AB64-0722-4D8D-8955-99246E03BC4A}.Debug|Any CPU.ActiveCfg = Debug|Win32
		{8459AB64-0722-4D8D-8955-99246E03BC4A}.Debug|x64.ActiveCfg = Debug|x64
		{8459AB64-0722-4D8D-8955-99246E03BC4A}.Debug|x64.Build.0 = Debug|x64
		{8459AB64-0722-4D8D-8955-99246E03BC4A}.Debug|x86.ActiveCfg = Debug|Win32
		{8459AB64-0722-4D8D-8955-99246E03BC4A}.Debug|x86.Build.0 = Debug|Win32
		{8459AB64-0722-4D8D-8955-99246E03BC4A}.Release|Any CPU.ActiveCfg = Release|Win32
		{8459AB64-0722-4D8D-8955-99246E03BC4A}.Release|x64.ActiveCfg = Release|x64
		{8459AB64-0722-4D8D-8955-99246E03BC4A}.Release|x64.Build.0 = Release|x64
		{8459AB64-0722-4D8D-8955-99246E03BC4A}.Release|x86.ActiveCfg = Release|Win32
		{8459AB64-0722-4D8D-8955-99246E03BC4A}.Release|x86.Build.0 = Release|Win32
		{7870998D-4E54-4647-9686-2358CEFDDE46}.Debug|Any CPU.ActiveCfg = Debug|Win32
		{7870998D-4E54-4647-9686-2358CEFDDE46}.Debug|x64.ActiveCfg = Debug|x64
		{7870998D-4E54-4647-9686-2358CEFDDE46}.Debug|x64.Build.0 = Debug|x64
		{7870998D-4E54-4647-9686-2358CEFDDE46}.Debug|x86.ActiveCfg = Debug|Win32
		{7870998D-4E54-4647-9686-2358CEFDDE46}.Debug|x86.Build.0 = Debug|Win32
		{7870998D-4E54-4647-9686-2358CEFDDE46}.Release|Any CPU.ActiveCfg = Release|Win32
		{7870998D-4E54-4647-9686-2358CEFDDE46}.Release|x64.ActiveCfg = Release|x64
		{7870998D-4E54-4647-9686-2358CEFDDE46}.Release|x64.Build.0 = Release|x64
		{7870998D-4E54-4647-9686-2358CEFDDE46}.Release|x86.ActiveCfg = Release|Win32
		{7870998D-4E54-4647-9686-2358CEFDDE46}.Release|x86.Build.0 = Release|Win32
		{583DE49D-098C-4268-BF62-02C05B0D0807}.Debug|Any CPU.ActiveCfg = Debug|Win32
		{583DE49D-098C-4268-BF62-02C05B0D0807}.Debug|x64.ActiveCfg = Debug|x64
		{583DE49D-098C-4268-BF62-02C05B0D0807}.Debug|x64.Build.0 = Debug|x64
		{583DE49D-098C-4268-BF62-02C05B0D0807}.Debug|x86.ActiveCfg = Debug|Win32
		{583DE49D-098C-4268-BF62-02C05B0D0807}.Debug|x86.Build.0 = Debug|Win32
		{583DE49D-098C-4268-BF62-02C05B0D0807}.Release|Any CPU.ActiveCfg = Release|Win32
		{583DE49D-098C-4268-BF62-02C05B0D0807}.Release|x64.ActiveCfg = Release|x64
		{583DE49D-098C-4268-BF62-02C05B0D0807}.Release|x64.Build.0 = Release|x64
		{583DE49D-098C-4268-BF62-02C05B0D0807}.Release|x86.ActiveCfg = Release|Win32
		{583DE49D-098C-4268-BF62-02C05B0D0807}.Release|x86.Build.0 = Release|Win32
		{AB60FF08-8F7B-4536-956F-817DA6686787}.Debug|Any CPU.ActiveCfg = Debug|Win32
		{AB60FF08-8F7B-4536-956F-817DA6686787}.Debug|x64.ActiveCfg = Debug|x64
		{AB60FF08-8F7B-4536-956F-817DA6686787}.Debug|x64.Build.0 = Debug|x64
		{AB60FF08-8F7B-4536-956F-817DA6686787}.Debug|x86.ActiveCfg = Debug|Win32
		{AB60FF08-8F7B-4536-956F-817DA6686787}.Debug|x86.Build.0 = Debug|Win32
		{AB60FF08-8F7B-4536-956F-817DA6686787}.Release|Any CPU.ActiveCfg = Release|Win32
		{AB60FF08-8F7B-4536-956F-817DA6686787}.Release|x64.ActiveCfg = Release|x64
		{AB60FF08-8F7B-4536-956F-817DA6686787}.Release|x64.Build.0 = Release|x64
		{AB60FF08-8F7B-4536-956F-817DA6686787}.Release|x86.ActiveCfg = Release|Win32
		{AB60FF08-8F7B-4536-956F-817DA6686787}.Release|x86.Build.0 = Release|Win32
	EndGlobalSection
	GlobalSection(SolutionProperties) = preSolution
		HideSolutionNode = FALSE
	EndGlobalSection
EndGlobal
